
Microsoft Visual Studio Solution File, Format Version 12.00
# Visual Studio Version 16
VisualStudioVersion = 16.0.33214.272
MinimumVisualStudioVersion = 10.0.40219.1
Project("{FAE04EC0-301F-11D3-BF4B-00C04F79EFBC}") = "HocLinQ", "HocLinQ\HocLinQ.csproj", "{69CD4E8F-F6E8-4E1D-A77A-FBCB0F93AC47}"
EndProject
Global
	GlobalSection(SolutionConfigurationPlatforms) = preSolution
		Debug|Any CPU = Debug|Any CPU
		Release|Any CPU = Release|Any CPU
	EndGlobalSection
	GlobalSection(ProjectConfigurationPlatforms) = postSolution
		{69CD4E8F-F6E8-4E1D-A77A-FBCB0F93AC47}.Debug|Any CPU.ActiveCfg = Debug|Any CPU
		{69CD4E8F-F6E8-4E1D-A77A-FBCB0F93AC47}.Debug|Any CPU.Build.0 = Debug|Any CPU
		{69CD4E8F-F6E8-4E1D-A77A-FBCB0F93AC47}.Release|Any CPU.ActiveCfg = Release|Any CPU
		{69CD4E8F-F6E8-4E1D-A77A-FBCB0F93AC47}.Release|Any CPU.Build.0 = Release|Any CPU
	EndGlobalSection
	GlobalSection(SolutionProperties) = preSolution
		HideSolutionNode = FALSE
	EndGlobalSection
	GlobalSection(ExtensibilityGlobals) = postSolution
		SolutionGuid = {57AECDE0-F9BD-412B-9859-1904A395DE30}
	EndGlobalSection
EndGlobal
